Microsoft Visual Studio Solution File, Format Version 12.00
# Visual Studio Version 17
VisualStudioVersion = 17.5.2.0
MinimumVisualStudioVersion = 10.0.40219.1
Project("{FAE04EC0-301F-11D3-BF4B-00C04F79EFBC}") = "machine-learning-demo", "machine-learning-demo.csproj", "{893E01B5-574D-3CB1-9206-0B883E8F88EC}"
EndProject
Global
	GlobalSection(SolutionConfigurationPlatforms) = preSolution
		Debug|Any CPU = Debug|Any CPU
		Release|Any CPU = Release|Any CPU
	EndGlobalSection
	GlobalSection(ProjectConfigurationPlatforms) = postSolution
		{893E01B5-574D-3CB1-9206-0B883E8F88EC}.Debug|Any CPU.ActiveCfg = Debug|Any CPU
		{893E01B5-574D-3CB1-9206-0B883E8F88EC}.Debug|Any CPU.Build.0 = Debug|Any CPU
		{893E01B5-574D-3CB1-9206-0B883E8F88EC}.Release|Any CPU.ActiveCfg = Release|Any CPU
		{893E01B5-574D-3CB1-9206-0B883E8F88EC}.Release|Any CPU.Build.0 = Release|Any CPU
	EndGlobalSection
	GlobalSection(SolutionProperties) = preSolution
		HideSolutionNode = FALSE
	EndGlobalSection
	GlobalSection(ExtensibilityGlobals) = postSolution
		SolutionGuid = {68731909-54FE-422E-B607-0F38B19B6280}
	EndGlobalSection
EndGlobal
